
Microsoft Visual Studio Solution File, Format Version 12.00
# Visual Studio 15
VisualStudioVersion = 15.0.28307.329
MinimumVisualStudioVersion = 10.0.40219.1
Project("{FAE04EC0-301F-11D3-BF4B-00C04F79EFBC}") = "part2", "part2\part2.csproj", "{DC81C76A-42E8-4E9E-BE8E-DB934C5C3CCB}"
EndProject
Global
	GlobalSection(SolutionConfigurationPlatforms) = preSolution
		Debug|Any CPU = Debug|Any CPU
		Release|Any CPU = Release|Any CPU
	EndGlobalSection
	GlobalSection(ProjectConfigurationPlatforms) = postSolution
		{DC81C76A-42E8-4E9E-BE8E-DB934C5C3CCB}.Debug|Any CPU.ActiveCfg = Debug|Any CPU
		{DC81C76A-42E8-4E9E-BE8E-DB934C5C3CCB}.Debug|Any CPU.Build.0 = Debug|Any CPU
		{DC81C76A-42E8-4E9E-BE8E-DB934C5C3CCB}.Release|Any CPU.ActiveCfg = Release|Any CPU
		{DC81C76A-42E8-4E9E-BE8E-DB934C5C3CCB}.Release|Any CPU.Build.0 = Release|Any CPU
	EndGlobalSection
	GlobalSection(SolutionProperties) = preSolution
		HideSolutionNode = FALSE
	EndGlobalSection
	GlobalSection(ExtensibilityGlobals) = postSolution
		SolutionGuid = {D3FFE039-F4E2-46A8-9407-8ADD3C442656}
	EndGlobalSection
EndGlobal
